{
  "name": "2023-11-HolyJS",
  "lockfileVersion": 3,
  "requires": true,
  "packages": {
    "": {
      "dependencies": {
        "mnemonica": "^0.9.970"
      }
    },
    "node_modules/mnemonica": {
      "version": "0.9.970",
      "resolved": "https://registry.npmjs.org/mnemonica/-/mnemonica-0.9.970.tgz",
      "integrity": "sha512-n0jtkfil38kzXqQ58Zwa2+sX9RDyT5Uvkb79DBk+6c3MtVztC2v1HHuN44WTeztU+mc/M4oQkZlj5FLEpoP+Bg==",
      "engines": {
        "node": ">=14"
      }
    }
  }
}
